
Microsoft Visual Studio Solution File, Format Version 12.00
Project("{FAE04EC0-301F-11D3-BF4B-00C04F79EFBC}") = "Placeholder", "Placeholder\Placeholder.csproj", "{358F1678-E215-4B95-835B-2FE10EEFCC73}"
EndProject
Project("{FAE04EC0-301F-11D3-BF4B-00C04F79EFBC}") = "Placeholder.Tests", "Placeholder.Tests\Placeholder.Tests.csproj", "{6C2B21F8-301C-4062-9C12-608DAF4C0E16}"
EndProject
Global
	GlobalSection(SolutionConfigurationPlatforms) = preSolution
		Debug|Any CPU = Debug|Any CPU
		Release|Any CPU = Release|Any CPU
	EndGlobalSection
	GlobalSection(ProjectConfigurationPlatforms) = postSolution
		{358F1678-E215-4B95-835B-2FE10EEFCC73}.Debug|Any CPU.ActiveCfg = Debug|Any CPU
		{358F1678-E215-4B95-835B-2FE10EEFCC73}.Debug|Any CPU.Build.0 = Debug|Any CPU
		{358F1678-E215-4B95-835B-2FE10EEFCC73}.Release|Any CPU.ActiveCfg = Release|Any CPU
		{358F1678-E215-4B95-835B-2FE10EEFCC73}.Release|Any CPU.Build.0 = Release|Any CPU
		{6C2B21F8-301C-4062-9C12-608DAF4C0E16}.Debug|Any CPU.ActiveCfg = Debug|Any CPU
		{6C2B21F8-301C-4062-9C12-608DAF4C0E16}.Debug|Any CPU.Build.0 = Debug|Any CPU
		{6C2B21F8-301C-4062-9C12-608DAF4C0E16}.Release|Any CPU.ActiveCfg = Release|Any CPU
		{6C2B21F8-301C-4062-9C12-608DAF4C0E16}.Release|Any CPU.Build.0 = Release|Any CPU
	EndGlobalSection
EndGlobal
